// !$*UTF8*$!
{
	archiveVersion = 1;
	classes = {
	};
	objectVersion = 46;
	objects = {

/* Begin PBXBuildFile section */
		A211A5E8198BFE3A00C2D2F0 /* Secp256k1BasePointDoublings.plist in Resources */ = {isa = PBXBuildFile; fileRef = A211A5E7198BFE3A00C2D2F0 /* Secp256k1BasePointDoublings.plist */; };
		A211A5E9198BFE3A00C2D2F0 /* Secp256k1BasePointDoublings.plist in Resources */ = {isa = PBXBuildFile; fileRef = A211A5E7198BFE3A00C2D2F0 /* Secp256k1BasePointDoublings.plist */; };
		A211A5EB198C0A5900C2D2F0 /* Secp256k1BasePointDoublings.plist in Resources */ = {isa = PBXBuildFile; fileRef = A211A5E7198BFE3A00C2D2F0 /* Secp256k1BasePointDoublings.plist */; };
		A211A5EC198C0A5900C2D2F0 /* Secp256k1BasePointDoublings.plist in Resources */ = {isa = PBXBuildFile; fileRef = A211A5E7198BFE3A00C2D2F0 /* Secp256k1BasePointDoublings.plist */; };
		A226907D1962E6E800291D7A /* ECurve.h in Headers */ = {isa = PBXBuildFile; fileRef = A226907C1962E6E800291D7A /* ECurve.h */; settings = {ATTRIBUTES = (Public, ); }; };
		A22690831962E6E800291D7A /* ECurve.framework in Frameworks */ = {isa = PBXBuildFile; fileRef = A22690771962E6E800291D7A /* ECurve.framework */; };
		A22FAE041996539500B50398 /* ECurveFlat.h in Headers */ = {isa = PBXBuildFile; fileRef = A22FAE031996539500B50398 /* ECurveFlat.h */; settings = {ATTRIBUTES = (Public, ); }; };
		A22FAE17199653B400B50398 /* Secp256k1BasePointDoublings.plist in Resources */ = {isa = PBXBuildFile; fileRef = A211A5E7198BFE3A00C2D2F0 /* Secp256k1BasePointDoublings.plist */; };
		A22FAE18199653B400B50398 /* ECDomain.swift in Sources */ = {isa = PBXBuildFile; fileRef = A258B4011962E7A600CD0B09 /* ECDomain.swift */; };
		A22FAE19199653B400B50398 /* ECPoint.swift in Sources */ = {isa = PBXBuildFile; fileRef = A258B4021962E7A600CD0B09 /* ECPoint.swift */; };
		A22FAE1A199653B400B50398 /* ECurve.swift in Sources */ = {isa = PBXBuildFile; fileRef = A258B4031962E7A600CD0B09 /* ECurve.swift */; };
		A22FAE1B199653B400B50398 /* FiniteField.swift in Sources */ = {isa = PBXBuildFile; fileRef = A258B4041962E7A600CD0B09 /* FiniteField.swift */; };
		A22FAE1C199653B400B50398 /* FiniteFieldInteger.swift in Sources */ = {isa = PBXBuildFile; fileRef = A258B4051962E7A600CD0B09 /* FiniteFieldInteger.swift */; };
		A22FAE2D199653E900B50398 /* UInt256.swift in Sources */ = {isa = PBXBuildFile; fileRef = A22FAE1E199653E900B50398 /* UInt256.swift */; };
		A22FAE2E199653E900B50398 /* UInt256+Printable.swift in Sources */ = {isa = PBXBuildFile; fileRef = A22FAE1F199653E900B50398 /* UInt256+Printable.swift */; };
		A22FAE2F199653E900B50398 /* UInt256+Equatable.swift in Sources */ = {isa = PBXBuildFile; fileRef = A22FAE20199653E900B50398 /* UInt256+Equatable.swift */; };
		A22FAE30199653E900B50398 /* UInt256+Comparable.swift in Sources */ = {isa = PBXBuildFile; fileRef = A22FAE21199653E900B50398 /* UInt256+Comparable.swift */; };
		A22FAE31199653E900B50398 /* UInt256+BitwiseOperations.swift in Sources */ = {isa = PBXBuildFile; fileRef = A22FAE22199653E900B50398 /* UInt256+BitwiseOperations.swift */; };
		A22FAE32199653E900B50398 /* UInt256+IntegerArithmetic.c in Sources */ = {isa = PBXBuildFile; fileRef = A22FAE23199653E900B50398 /* UInt256+IntegerArithmetic.c */; };
		A22FAE33199653E900B50398 /* UInt256+IntegerArithmetic.swift in Sources */ = {isa = PBXBuildFile; fileRef = A22FAE24199653E900B50398 /* UInt256+IntegerArithmetic.swift */; };
		A22FAE34199653E900B50398 /* UInt256+Sequence.swift in Sources */ = {isa = PBXBuildFile; fileRef = A22FAE25199653E900B50398 /* UInt256+Sequence.swift */; };
		A22FAE35199653E900B50398 /* UInt256+IntegerLiteralConvertible.swift in Sources */ = {isa = PBXBuildFile; fileRef = A22FAE26199653E900B50398 /* UInt256+IntegerLiteralConvertible.swift */; };
		A22FAE36199653E900B50398 /* UInt256+Hashable.swift in Sources */ = {isa = PBXBuildFile; fileRef = A22FAE27199653E900B50398 /* UInt256+Hashable.swift */; };
		A22FAE37199653E900B50398 /* UInt256+RandomAccessIndex.swift in Sources */ = {isa = PBXBuildFile; fileRef = A22FAE28199653E900B50398 /* UInt256+RandomAccessIndex.swift */; };
		A22FAE38199653E900B50398 /* UInt256+ForwardIndex.swift in Sources */ = {isa = PBXBuildFile; fileRef = A22FAE29199653E900B50398 /* UInt256+ForwardIndex.swift */; };
		A22FAE39199653E900B50398 /* UInt256+ArrayBound.swift in Sources */ = {isa = PBXBuildFile; fileRef = A22FAE2A199653E900B50398 /* UInt256+ArrayBound.swift */; };
		A22FAE3A199653E900B50398 /* UInt32+Additions.swift in Sources */ = {isa = PBXBuildFile; fileRef = A22FAE2B199653E900B50398 /* UInt32+Additions.swift */; };
		A22FAE3B199653E900B50398 /* BaseConverter.swift in Sources */ = {isa = PBXBuildFile; fileRef = A22FAE2C199653E900B50398 /* BaseConverter.swift */; };
		A258B4061962E7A600CD0B09 /* ECDomain.swift in Sources */ = {isa = PBXBuildFile; fileRef = A258B4011962E7A600CD0B09 /* ECDomain.swift */; };
		A258B4071962E7A600CD0B09 /* ECPoint.swift in Sources */ = {isa = PBXBuildFile; fileRef = A258B4021962E7A600CD0B09 /* ECPoint.swift */; };
		A258B4081962E7A600CD0B09 /* ECurve.swift in Sources */ = {isa = PBXBuildFile; fileRef = A258B4031962E7A600CD0B09 /* ECurve.swift */; };
		A258B4091962E7A600CD0B09 /* FiniteField.swift in Sources */ = {isa = PBXBuildFile; fileRef = A258B4041962E7A600CD0B09 /* FiniteField.swift */; };
		A258B40A1962E7A600CD0B09 /* FiniteFieldInteger.swift in Sources */ = {isa = PBXBuildFile; fileRef = A258B4051962E7A600CD0B09 /* FiniteFieldInteger.swift */; };
		A26F77E0196850EF00C75822 /* ECurve.framework in Frameworks */ = {isa = PBXBuildFile; fileRef = A26F77D5196850EF00C75822 /* ECurve.framework */; };
		A26F77F31968513800C75822 /* ECDomain.swift in Sources */ = {isa = PBXBuildFile; fileRef = A258B4011962E7A600CD0B09 /* ECDomain.swift */; };
		A26F77F41968513800C75822 /* ECPoint.swift in Sources */ = {isa = PBXBuildFile; fileRef = A258B4021962E7A600CD0B09 /* ECPoint.swift */; };
		A26F77F51968513800C75822 /* ECurve.swift in Sources */ = {isa = PBXBuildFile; fileRef = A258B4031962E7A600CD0B09 /* ECurve.swift */; };
		A26F77F61968513800C75822 /* FiniteField.swift in Sources */ = {isa = PBXBuildFile; fileRef = A258B4041962E7A600CD0B09 /* FiniteField.swift */; };
		A26F77F71968513800C75822 /* FiniteFieldInteger.swift in Sources */ = {isa = PBXBuildFile; fileRef = A258B4051962E7A600CD0B09 /* FiniteFieldInteger.swift */; };
		A2960AB2197E963A002EC55D /* ECPointTests.swift in Sources */ = {isa = PBXBuildFile; fileRef = A258B3FB1962E77D00CD0B09 /* ECPointTests.swift */; };
		A2960AB3197E963A002EC55D /* ECurveTests.swift in Sources */ = {isa = PBXBuildFile; fileRef = A258B3FC1962E77D00CD0B09 /* ECurveTests.swift */; };
		A2960AB4197E963A002EC55D /* FiniteFieldIntegerTests.swift in Sources */ = {isa = PBXBuildFile; fileRef = A258B3FD1962E77D00CD0B09 /* FiniteFieldIntegerTests.swift */; };
		A2D39BA0198D7C8600E2D317 /* UInt256.framework in Frameworks */ = {isa = PBXBuildFile; fileRef = A2D39B9F198D7C8600E2D317 /* UInt256.framework */; };
		A2D39BA1198D7CCC00E2D317 /* ECPointTests.swift in Sources */ = {isa = PBXBuildFile; fileRef = A258B3FB1962E77D00CD0B09 /* ECPointTests.swift */; };
		A2D39BA2198D7CCC00E2D317 /* ECurveTests.swift in Sources */ = {isa = PBXBuildFile; fileRef = A258B3FC1962E77D00CD0B09 /* ECurveTests.swift */; };
		A2D39BA3198D7CCC00E2D317 /* FiniteFieldIntegerTests.swift in Sources */ = {isa = PBXBuildFile; fileRef = A258B3FD1962E77D00CD0B09 /* FiniteFieldIntegerTests.swift */; };
		A2D39BA5198D7D4B00E2D317 /* UInt256.framework in Frameworks */ = {isa = PBXBuildFile; fileRef = A2D39BA4198D7D4B00E2D317 /* UInt256.framework */; };
/* End PBXBuildFile section */

/* Begin PBXContainerItemProxy section */
		A22690841962E6E800291D7A /* PBXContainerItemProxy */ = {
			isa = PBXContainerItemProxy;
			containerPortal = A226906E1962E6E800291D7A /* Project object */;
			proxyType = 1;
			remoteGlobalIDString = A22690761962E6E800291D7A;
			remoteInfo = ECurve;
		};
		A26F77E1196850EF00C75822 /* PBXContainerItemProxy */ = {
			isa = PBXContainerItemProxy;
			containerPortal = A226906E1962E6E800291D7A /* Project object */;
			proxyType = 1;
			remoteGlobalIDString = A26F77D4196850EF00C75822;
			remoteInfo = ECurveMac;
		};
/* End PBXContainerItemProxy section */

/* Begin PBXFileReference section */
		A211A5E7198BFE3A00C2D2F0 /* Secp256k1BasePointDoublings.plist */ = {isa = PBXFileReference; fileEncoding = 4; lastKnownFileType = text.plist.xml; name = Secp256k1BasePointDoublings.plist; path = Resources/Secp256k1BasePointDoublings.plist; sourceTree = "<group>"; };
		A22690771962E6E800291D7A /* ECurve.framework */ = {isa = PBXFileReference; explicitFileType = wrapper.framework; includeInIndex = 0; path = ECurve.framework; sourceTree = BUILT_PRODUCTS_DIR; };
		A226907B1962E6E800291D7A /* Info.plist */ = {isa = PBXFileReference; lastKnownFileType = text.plist.xml; path = Info.plist; sourceTree = "<group>"; };
		A226907C1962E6E800291D7A /* ECurve.h */ = {isa = PBXFileReference; lastKnownFileType = sourcecode.c.h; path = ECurve.h; sourceTree = "<group>"; };
		A22690821962E6E800291D7A /* ECurveTests.xctest */ = {isa = PBXFileReference; explicitFileType = wrapper.cfbundle; includeInIndex = 0; path = ECurveTests.xctest; sourceTree = BUILT_PRODUCTS_DIR; };
		A22690881962E6E800291D7A /* Info.plist */ = {isa = PBXFileReference; lastKnownFileType = text.plist.xml; name = Info.plist; path = Tests/Info.plist; sourceTree = SOURCE_ROOT; };
		A22FADFF1996539500B50398 /* ECurveFlat.framework */ = {isa = PBXFileReference; explicitFileType = wrapper.framework; includeInIndex = 0; path = ECurveFlat.framework; sourceTree = BUILT_PRODUCTS_DIR; };
		A22FAE021996539500B50398 /* Info.plist */ = {isa = PBXFileReference; lastKnownFileType = text.plist.xml; path = Info.plist; sourceTree = "<group>"; };
		A22FAE031996539500B50398 /* ECurveFlat.h */ = {isa = PBXFileReference; lastKnownFileType = sourcecode.c.h; path = ECurveFlat.h; sourceTree = "<group>"; };
		A22FAE1E199653E900B50398 /* UInt256.swift */ = {isa = PBXFileReference; fileEncoding = 4; lastKnownFileType = sourcecode.swift; name = UInt256.swift; path = ../UInt256/Classes/UInt256.swift; sourceTree = "<group>"; };
		A22FAE1F199653E900B50398 /* UInt256+Printable.swift */ = {isa = PBXFileReference; fileEncoding = 4; lastKnownFileType = sourcecode.swift; name = "UInt256+Printable.swift"; path = "../UInt256/Classes/UInt256+Printable.swift"; sourceTree = "<group>"; };
		A22FAE20199653E900B50398 /* UInt256+Equatable.swift */ = {isa = PBXFileReference; fileEncoding = 4; lastKnownFileType = sourcecode.swift; name = "UInt256+Equatable.swift"; path = "../UInt256/Classes/UInt256+Equatable.swift"; sourceTree = "<group>"; };
		A22FAE21199653E900B50398 /* UInt256+Comparable.swift */ = {isa = PBXFileReference; fileEncoding = 4; lastKnownFileType = sourcecode.swift; name = "UInt256+Comparable.swift"; path = "../UInt256/Classes/UInt256+Comparable.swift"; sourceTree = "<group>"; };
		A22FAE22199653E900B50398 /* UInt256+BitwiseOperations.swift */ = {isa = PBXFileReference; fileEncoding = 4; lastKnownFileType = sourcecode.swift; name = "UInt256+BitwiseOperations.swift"; path = "../UInt256/Classes/UInt256+BitwiseOperations.swift"; sourceTree = "<group>"; };
		A22FAE23199653E900B50398 /* UInt256+IntegerArithmetic.c */ = {isa = PBXFileReference; fileEncoding = 4; lastKnownFileType = sourcecode.c.c; name = "UInt256+IntegerArithmetic.c"; path = "../UInt256/Classes/UInt256+IntegerArithmetic.c"; sourceTree = "<group>"; };
		A22FAE24199653E900B50398 /* UInt256+IntegerArithmetic.swift */ = {isa = PBXFileReference; fileEncoding = 4; lastKnownFileType = sourcecode.swift; name = "UInt256+IntegerArithmetic.swift"; path = "../UInt256/Classes/UInt256+IntegerArithmetic.swift"; sourceTree = "<group>"; };
		A22FAE25199653E900B50398 /* UInt256+Sequence.swift */ = {isa = PBXFileReference; fileEncoding = 4; lastKnownFileType = sourcecode.swift; name = "UInt256+Sequence.swift"; path = "../UInt256/Classes/UInt256+Sequence.swift"; sourceTree = "<group>"; };
		A22FAE26199653E900B50398 /* UInt256+IntegerLiteralConvertible.swift */ = {isa = PBXFileReference; fileEncoding = 4; lastKnownFileType = sourcecode.swift; name = "UInt256+IntegerLiteralConvertible.swift"; path = "../UInt256/Classes/UInt256+IntegerLiteralConvertible.swift"; sourceTree = "<group>"; };
		A22FAE27199653E900B50398 /* UInt256+Hashable.swift */ = {isa = PBXFileReference; fileEncoding = 4; lastKnownFileType = sourcecode.swift; name = "UInt256+Hashable.swift"; path = "../UInt256/Classes/UInt256+Hashable.swift"; sourceTree = "<group>"; };
		A22FAE28199653E900B50398 /* UInt256+RandomAccessIndex.swift */ = {isa = PBXFileReference; fileEncoding = 4; lastKnownFileType = sourcecode.swift; name = "UInt256+RandomAccessIndex.swift"; path = "../UInt256/Classes/UInt256+RandomAccessIndex.swift"; sourceTree = "<group>"; };
		A22FAE29199653E900B50398 /* UInt256+ForwardIndex.swift */ = {isa = PBXFileReference; fileEncoding = 4; lastKnownFileType = sourcecode.swift; name = "UInt256+ForwardIndex.swift"; path = "../UInt256/Classes/UInt256+ForwardIndex.swift"; sourceTree = "<group>"; };
		A22FAE2A199653E900B50398 /* UInt256+ArrayBound.swift */ = {isa = PBXFileReference; fileEncoding = 4; lastKnownFileType = sourcecode.swift; name = "UInt256+ArrayBound.swift"; path = "../UInt256/Classes/UInt256+ArrayBound.swift"; sourceTree = "<group>"; };
		A22FAE2B199653E900B50398 /* UInt32+Additions.swift */ = {isa = PBXFileReference; fileEncoding = 4; lastKnownFileType = sourcecode.swift; name = "UInt32+Additions.swift"; path = "../UInt256/Classes/UInt32+Additions.swift"; sourceTree = "<group>"; };
		A22FAE2C199653E900B50398 /* BaseConverter.swift */ = {isa = PBXFileReference; fileEncoding = 4; lastKnownFileType = sourcecode.swift; name = BaseConverter.swift; path = ../UInt256/Classes/BaseConverter.swift; sourceTree = "<group>"; };
		A23208CF1996418300BF5E38 /* ECurve doc.playground */ = {isa = PBXFileReference; lastKnownFileType = file.playground; path = "ECurve doc.playground"; sourceTree = "<group>"; };
		A23208D0199641FD00BF5E38 /* FFInt.playground */ = {isa = PBXFileReference; lastKnownFileType = file.playground; path = FFInt.playground; sourceTree = "<group>"; };
		A258B3FB1962E77D00CD0B09 /* ECPointTests.swift */ = {isa = PBXFileReference; fileEncoding = 4; lastKnownFileType = sourcecode.swift; name = ECPointTests.swift; path = Tests/ECPointTests.swift; sourceTree = SOURCE_ROOT; };
		A258B3FC1962E77D00CD0B09 /* ECurveTests.swift */ = {isa = PBXFileReference; fileEncoding = 4; lastKnownFileType = sourcecode.swift; name = ECurveTests.swift; path = Tests/ECurveTests.swift; sourceTree = SOURCE_ROOT; };
		A258B3FD1962E77D00CD0B09 /* FiniteFieldIntegerTests.swift */ = {isa = PBXFileReference; fileEncoding = 4; lastKnownFileType = sourcecode.swift; name = FiniteFieldIntegerTests.swift; path = Tests/FiniteFieldIntegerTests.swift; sourceTree = SOURCE_ROOT; };
		A258B4011962E7A600CD0B09 /* ECDomain.swift */ = {isa = PBXFileReference; fileEncoding = 4; lastKnownFileType = sourcecode.swift; name = ECDomain.swift; path = Classes/ECDomain.swift; sourceTree = "<group>"; };
		A258B4021962E7A600CD0B09 /* ECPoint.swift */ = {isa = PBXFileReference; fileEncoding = 4; lastKnownFileType = sourcecode.swift; name = ECPoint.swift; path = Classes/ECPoint.swift; sourceTree = "<group>"; };
		A258B4031962E7A600CD0B09 /* ECurve.swift */ = {isa = PBXFileReference; fileEncoding = 4; lastKnownFileType = sourcecode.swift; name = ECurve.swift; path = Classes/ECurve.swift; sourceTree = "<group>"; };
		A258B4041962E7A600CD0B09 /* FiniteField.swift */ = {isa = PBXFileReference; fileEncoding = 4; lastKnownFileType = sourcecode.swift; name = FiniteField.swift; path = Classes/FiniteField.swift; sourceTree = "<group>"; };
		A258B4051962E7A600CD0B09 /* FiniteFieldInteger.swift */ = {isa = PBXFileReference; fileEncoding = 4; lastKnownFileType = sourcecode.swift; name = FiniteFieldInteger.swift; path = Classes/FiniteFieldInteger.swift; sourceTree = "<group>"; };
		A258B40C1962E7FF00CD0B09 /* UInt256.framework */ = {isa = PBXFileReference; lastKnownFileType = wrapper.framework; name = UInt256.framework; path = "../UInt256/build/Debug-iphoneos/UInt256.framework"; sourceTree = "<group>"; };
		A26F77D5196850EF00C75822 /* ECurve.framework */ = {isa = PBXFileReference; explicitFileType = wrapper.framework; includeInIndex = 0; path = ECurve.framework; sourceTree = BUILT_PRODUCTS_DIR; };
		A26F77D8196850EF00C75822 /* Info.plist */ = {isa = PBXFileReference; lastKnownFileType = text.plist.xml; path = Info.plist; sourceTree = "<group>"; };
		A26F77DF196850EF00C75822 /* ECurveMacTests.xctest */ = {isa = PBXFileReference; explicitFileType = wrapper.cfbundle; includeInIndex = 0; path = ECurveMacTests.xctest; sourceTree = BUILT_PRODUCTS_DIR; };
		A26F77E5196850EF00C75822 /* Info.plist */ = {isa = PBXFileReference; lastKnownFileType = text.plist; name = Info.plist; path = ECurveMacTests/Info.plist; sourceTree = "<group>"; };
		A2D39B9F198D7C8600E2D317 /* UInt256.framework */ = {isa = PBXFileReference; lastKnownFileType = wrapper.framework; name = UInt256.framework; path = "UInt256/build/Debug-iphoneos/UInt256.framework"; sourceTree = "<group>"; };
		A2D39BA4198D7D4B00E2D317 /* UInt256.framework */ = {isa = PBXFileReference; lastKnownFileType = wrapper.framework; name = UInt256.framework; path = UInt256/build/Debug/UInt256.framework; sourceTree = "<group>"; };
		A2DCBEAA1968523000BD92DB /* UInt256Mac.framework */ = {isa = PBXFileReference; lastKnownFileType = wrapper.framework; name = UInt256Mac.framework; path = UInt256/build/Debug/UInt256Mac.framework; sourceTree = "<group>"; };
/* End PBXFileReference section */

/* Begin PBXFrameworksBuildPhase section */
		A22690731962E6E800291D7A /* Frameworks */ = {
			isa = PBXFrameworksBuildPhase;
			buildActionMask = 2147483647;
			files = (
				A2D39BA0198D7C8600E2D317 /* UInt256.framework in Frameworks */,
			);
			runOnlyForDeploymentPostprocessing = 0;
		};
		A226907F1962E6E800291D7A /* Frameworks */ = {
			isa = PBXFrameworksBuildPhase;
			buildActionMask = 2147483647;
			files = (
				A22690831962E6E800291D7A /* ECurve.framework in Frameworks */,
			);
			runOnlyForDeploymentPostprocessing = 0;
		};
		A22FADFB1996539500B50398 /* Frameworks */ = {
			isa = PBXFrameworksBuildPhase;
			buildActionMask = 2147483647;
			files = (
			);
			runOnlyForDeploymentPostprocessing = 0;
		};
		A26F77D1196850EF00C75822 /* Frameworks */ = {
			isa = PBXFrameworksBuildPhase;
			buildActionMask = 2147483647;
			files = (
				A2D39BA5198D7D4B00E2D317 /* UInt256.framework in Frameworks */,
			);
			runOnlyForDeploymentPostprocessing = 0;
		};
		A26F77DC196850EF00C75822 /* Frameworks */ = {
			isa = PBXFrameworksBuildPhase;
			buildActionMask = 2147483647;
			files = (
				A26F77E0196850EF00C75822 /* ECurve.framework in Frameworks */,
			);
			runOnlyForDeploymentPostprocessing = 0;
		};
/* End PBXFrameworksBuildPhase section */

/* Begin PBXGroup section */
		A211A5EA198BFE7100C2D2F0 /* Resources */ = {
			isa = PBXGroup;
			children = (
				A211A5E7198BFE3A00C2D2F0 /* Secp256k1BasePointDoublings.plist */,
			);
			name = Resources;
			sourceTree = "<group>";
		};
		A226906D1962E6E800291D7A = {
			isa = PBXGroup;
			children = (
				A23208D0199641FD00BF5E38 /* FFInt.playground */,
				A23208CF1996418300BF5E38 /* ECurve doc.playground */,
				A211A5EA198BFE7100C2D2F0 /* Resources */,
				A258B40B1962E7AA00CD0B09 /* ECurve */,
				A22690861962E6E800291D7A /* ECurveTests */,
				A22690791962E6E800291D7A /* Supporting Files */,
				A26F77D6196850EF00C75822 /* ECurveMac */,
				A22FAE001996539500B50398 /* ECurveFlat */,
				A258B40E1962E80C00CD0B09 /* Frameworks */,
				A22690781962E6E800291D7A /* Products */,
			);
			sourceTree = "<group>";
		};
		A22690781962E6E800291D7A /* Products */ = {
			isa = PBXGroup;
			children = (
				A22690771962E6E800291D7A /* ECurve.framework */,
				A22690821962E6E800291D7A /* ECurveTests.xctest */,
				A26F77D5196850EF00C75822 /* ECurve.framework */,
				A26F77DF196850EF00C75822 /* ECurveMacTests.xctest */,
				A22FADFF1996539500B50398 /* ECurveFlat.framework */,
			);
			name = Products;
			sourceTree = "<group>";
		};
		A22690791962E6E800291D7A /* Supporting Files */ = {
			isa = PBXGroup;
			children = (
				A226907B1962E6E800291D7A /* Info.plist */,
				A226907C1962E6E800291D7A /* ECurve.h */,
			);
			name = "Supporting Files";
			path = ECurve;
			sourceTree = "<group>";
		};
		A22690861962E6E800291D7A /* ECurveTests */ = {
			isa = PBXGroup;
			children = (
				A258B3FB1962E77D00CD0B09 /* ECPointTests.swift */,
				A258B3FC1962E77D00CD0B09 /* ECurveTests.swift */,
				A258B3FD1962E77D00CD0B09 /* FiniteFieldIntegerTests.swift */,
				A22690881962E6E800291D7A /* Info.plist */,
				A26F77E5196850EF00C75822 /* Info.plist */,
			);
			path = ECurveTests;
			sourceTree = "<group>";
		};
		A22FAE001996539500B50398 /* ECurveFlat */ = {
			isa = PBXGroup;
			children = (
				A22FAE1D199653CC00B50398 /* UInt256 */,
				A22FAE031996539500B50398 /* ECurveFlat.h */,
				A22FAE011996539500B50398 /* Supporting Files */,
			);
			path = ECurveFlat;
			sourceTree = "<group>";
		};
		A22FAE011996539500B50398 /* Supporting Files */ = {
			isa = PBXGroup;
			children = (
				A22FAE021996539500B50398 /* Info.plist */,
			);
			name = "Supporting Files";
			sourceTree = "<group>";
		};
		A22FAE1D199653CC00B50398 /* UInt256 */ = {
			isa = PBXGroup;
			children = (
				A22FAE1E199653E900B50398 /* UInt256.swift */,
				A22FAE1F199653E900B50398 /* UInt256+Printable.swift */,
				A22FAE20199653E900B50398 /* UInt256+Equatable.swift */,
				A22FAE21199653E900B50398 /* UInt256+Comparable.swift */,
				A22FAE22199653E900B50398 /* UInt256+BitwiseOperations.swift */,
				A22FAE23199653E900B50398 /* UInt256+IntegerArithmetic.c */,
				A22FAE24199653E900B50398 /* UInt256+IntegerArithmetic.swift */,
				A22FAE25199653E900B50398 /* UInt256+Sequence.swift */,
				A22FAE26199653E900B50398 /* UInt256+IntegerLiteralConvertible.swift */,
				A22FAE27199653E900B50398 /* UInt256+Hashable.swift */,
				A22FAE28199653E900B50398 /* UInt256+RandomAccessIndex.swift */,
				A22FAE29199653E900B50398 /* UInt256+ForwardIndex.swift */,
				A22FAE2A199653E900B50398 /* UInt256+ArrayBound.swift */,
				A22FAE2B199653E900B50398 /* UInt32+Additions.swift */,
				A22FAE2C199653E900B50398 /* BaseConverter.swift */,
			);
			name = UInt256;
			sourceTree = "<group>";
		};
		A258B40B1962E7AA00CD0B09 /* ECurve */ = {
			isa = PBXGroup;
			children = (
				A258B4011962E7A600CD0B09 /* ECDomain.swift */,
				A258B4021962E7A600CD0B09 /* ECPoint.swift */,
				A258B4031962E7A600CD0B09 /* ECurve.swift */,
				A258B4041962E7A600CD0B09 /* FiniteField.swift */,
				A258B4051962E7A600CD0B09 /* FiniteFieldInteger.swift */,
			);
			name = ECurve;
			sourceTree = "<group>";
		};
		A258B40E1962E80C00CD0B09 /* Frameworks */ = {
			isa = PBXGroup;
			children = (
				A2D39BA4198D7D4B00E2D317 /* UInt256.framework */,
				A2D39B9F198D7C8600E2D317 /* UInt256.framework */,
				A2DCBEAA1968523000BD92DB /* UInt256Mac.framework */,
				A258B40C1962E7FF00CD0B09 /* UInt256.framework */,
			);
			name = Frameworks;
			sourceTree = "<group>";
		};
		A26F77D6196850EF00C75822 /* ECurveMac */ = {
			isa = PBXGroup;
			children = (
				A26F77D7196850EF00C75822 /* Supporting Files */,
			);
			path = ECurveMac;
			sourceTree = "<group>";
		};
		A26F77D7196850EF00C75822 /* Supporting Files */ = {
			isa = PBXGroup;
			children = (
				A26F77D8196850EF00C75822 /* Info.plist */,
			);
			name = "Supporting Files";
			sourceTree = "<group>";
		};
/* End PBXGroup section */

/* Begin PBXHeadersBuildPhase section */
		A22690741962E6E800291D7A /* Headers */ = {
			isa = PBXHeadersBuildPhase;
			buildActionMask = 2147483647;
			files = (
				A226907D1962E6E800291D7A /* ECurve.h in Headers */,
			);
			runOnlyForDeploymentPostprocessing = 0;
		};
		A22FADFC1996539500B50398 /* Headers */ = {
			isa = PBXHeadersBuildPhase;
			buildActionMask = 2147483647;
			files = (
				A22FAE041996539500B50398 /* ECurveFlat.h in Headers */,
			);
			runOnlyForDeploymentPostprocessing = 0;
		};
		A26F77D2196850EF00C75822 /* Headers */ = {
			isa = PBXHeadersBuildPhase;
			buildActionMask = 2147483647;
			files = (
			);
			runOnlyForDeploymentPostprocessing = 0;
		};
/* End PBXHeadersBuildPhase section */

/* Begin PBXNativeTarget section */
		A22690761962E6E800291D7A /* ECurve */ = {
			isa = PBXNativeTarget;
			buildConfigurationList = A226908D1962E6E800291D7A /* Build configuration list for PBXNativeTarget "ECurve" */;
			buildPhases = (
				A22690721962E6E800291D7A /* Sources */,
				A22690731962E6E800291D7A /* Frameworks */,
				A22690741962E6E800291D7A /* Headers */,
				A22690751962E6E800291D7A /* Resources */,
			);
			buildRules = (
			);
			dependencies = (
			);
			name = ECurve;
			productName = ECurve;
			productReference = A22690771962E6E800291D7A /* ECurve.framework */;
			productType = "com.apple.product-type.framework";
		};
		A22690811962E6E800291D7A /* ECurveTests */ = {
			isa = PBXNativeTarget;
			buildConfigurationList = A22690901962E6E800291D7A /* Build configuration list for PBXNativeTarget "ECurveTests" */;
			buildPhases = (
				A226907E1962E6E800291D7A /* Sources */,
				A226907F1962E6E800291D7A /* Frameworks */,
				A22690801962E6E800291D7A /* Resources */,
			);
			buildRules = (
			);
			dependencies = (
				A22690851962E6E800291D7A /* PBXTargetDependency */,
			);
			name = ECurveTests;
			productName = ECurveTests;
			productReference = A22690821962E6E800291D7A /* ECurveTests.xctest */;
			productType = "com.apple.product-type.bundle.unit-test";
		};
		A22FADFE1996539500B50398 /* ECurveFlat */ = {
			isa = PBXNativeTarget;
			buildConfigurationList = A22FAE151996539500B50398 /* Build configuration list for PBXNativeTarget "ECurveFlat" */;
			buildPhases = (
				A22FADFA1996539500B50398 /* Sources */,
				A22FADFB1996539500B50398 /* Frameworks */,
				A22FADFC1996539500B50398 /* Headers */,
				A22FADFD1996539500B50398 /* Resources */,
			);
			buildRules = (
			);
			dependencies = (
			);
			name = ECurveFlat;
			productName = ECurveFlat;
			productReference = A22FADFF1996539500B50398 /* ECurveFlat.framework */;
			productType = "com.apple.product-type.framework";
		};
		A26F77D4196850EF00C75822 /* ECurveMac */ = {
			isa = PBXNativeTarget;
			buildConfigurationList = A26F77EE196850EF00C75822 /* Build configuration list for PBXNativeTarget "ECurveMac" */;
			buildPhases = (
				A26F77D0196850EF00C75822 /* Sources */,
				A26F77D1196850EF00C75822 /* Frameworks */,
				A26F77D2196850EF00C75822 /* Headers */,
				A26F77D3196850EF00C75822 /* Resources */,
			);
			buildRules = (
			);
			dependencies = (
			);
			name = ECurveMac;
			productName = ECurveMac;
			productReference = A26F77D5196850EF00C75822 /* ECurve.framework */;
			productType = "com.apple.product-type.framework";
		};
		A26F77DE196850EF00C75822 /* ECurveMacTests */ = {
			isa = PBXNativeTarget;
			buildConfigurationList = A26F77EF196850EF00C75822 /* Build configuration list for PBXNativeTarget "ECurveMacTests" */;
			buildPhases = (
				A26F77DB196850EF00C75822 /* Sources */,
				A26F77DC196850EF00C75822 /* Frameworks */,
				A26F77DD196850EF00C75822 /* Resources */,
			);
			buildRules = (
			);
			dependencies = (
				A26F77E2196850EF00C75822 /* PBXTargetDependency */,
			);
			name = ECurveMacTests;
			productName = ECurveMacTests;
			productReference = A26F77DF196850EF00C75822 /* ECurveMacTests.xctest */;
			productType = "com.apple.product-type.bundle.unit-test";
		};
/* End PBXNativeTarget section */

/* Begin PBXProject section */
		A226906E1962E6E800291D7A /* Project object */ = {
			isa = PBXProject;
			attributes = {
				LastSwiftMigration = 0710;
				LastSwiftUpdateCheck = 0710;
				LastUpgradeCheck = 0710;
				ORGANIZATIONNAME = "Crypto Coin Swift";
				TargetAttributes = {
					A22690761962E6E800291D7A = {
						CreatedOnToolsVersion = 6.0;
					};
					A22690811962E6E800291D7A = {
						CreatedOnToolsVersion = 6.0;
						TestTargetID = A22690761962E6E800291D7A;
					};
					A22FADFE1996539500B50398 = {
						CreatedOnToolsVersion = 6.0;
					};
					A26F77D4196850EF00C75822 = {
						CreatedOnToolsVersion = 6.0;
					};
					A26F77DE196850EF00C75822 = {
						CreatedOnToolsVersion = 6.0;
						TestTargetID = A26F77D4196850EF00C75822;
					};
				};
			};
			buildConfigurationList = A22690711962E6E800291D7A /* Build configuration list for PBXProject "ECurve" */;
			compatibilityVersion = "Xcode 3.2";
			developmentRegion = English;
			hasScannedForEncodings = 0;
			knownRegions = (
				en,
			);
			mainGroup = A226906D1962E6E800291D7A;
			productRefGroup = A22690781962E6E800291D7A /* Products */;
			projectDirPath = "";
			projectRoot = "";
			targets = (
				A22690761962E6E800291D7A /* ECurve */,
				A22690811962E6E800291D7A /* ECurveTests */,
				A26F77D4196850EF00C75822 /* ECurveMac */,
				A26F77DE196850EF00C75822 /* ECurveMacTests */,
				A22FADFE1996539500B50398 /* ECurveFlat */,
			);
		};
/* End PBXProject section */

/* Begin PBXResourcesBuildPhase section */
		A22690751962E6E800291D7A /* Resources */ = {
			isa = PBXResourcesBuildPhase;
			buildActionMask = 2147483647;
			files = (
				A211A5E8198BFE3A00C2D2F0 /* Secp256k1BasePointDoublings.plist in Resources */,
			);
			runOnlyForDeploymentPostprocessing = 0;
		};
		A22690801962E6E800291D7A /* Resources */ = {
			isa = PBXResourcesBuildPhase;
			buildActionMask = 2147483647;
			files = (
				A211A5EB198C0A5900C2D2F0 /* Secp256k1BasePointDoublings.plist in Resources */,
			);
			runOnlyForDeploymentPostprocessing = 0;
		};
		A22FADFD1996539500B50398 /* Resources */ = {
			isa = PBXResourcesBuildPhase;
			buildActionMask = 2147483647;
			files = (
				A22FAE17199653B400B50398 /* Secp256k1BasePointDoublings.plist in Resources */,
			);
			runOnlyForDeploymentPostprocessing = 0;
		};
		A26F77D3196850EF00C75822 /* Resources */ = {
			isa = PBXResourcesBuildPhase;
			buildActionMask = 2147483647;
			files = (
				A211A5E9198BFE3A00C2D2F0 /* Secp256k1BasePointDoublings.plist in Resources */,
			);
			runOnlyForDeploymentPostprocessing = 0;
		};
		A26F77DD196850EF00C75822 /* Resources */ = {
			isa = PBXResourcesBuildPhase;
			buildActionMask = 2147483647;
			files = (
				A211A5EC198C0A5900C2D2F0 /* Secp256k1BasePointDoublings.plist in Resources */,
			);
			runOnlyForDeploymentPostprocessing = 0;
		};
/* End PBXResourcesBuildPhase section */

/* Begin PBXSourcesBuildPhase section */
		A22690721962E6E800291D7A /* Sources */ = {
			isa = PBXSourcesBuildPhase;
			buildActionMask = 2147483647;
			files = (
				A258B4071962E7A600CD0B09 /* ECPoint.swift in Sources */,
				A258B4061962E7A600CD0B09 /* ECDomain.swift in Sources */,
				A258B40A1962E7A600CD0B09 /* FiniteFieldInteger.swift in Sources */,
				A258B4081962E7A600CD0B09 /* ECurve.swift in Sources */,
				A258B4091962E7A600CD0B09 /* FiniteField.swift in Sources */,
			);
			runOnlyForDeploymentPostprocessing = 0;
		};
		A226907E1962E6E800291D7A /* Sources */ = {
			isa = PBXSourcesBuildPhase;
			buildActionMask = 2147483647;
			files = (
				A2D39BA1198D7CCC00E2D317 /* ECPointTests.swift in Sources */,
				A2D39BA2198D7CCC00E2D317 /* ECurveTests.swift in Sources */,
				A2D39BA3198D7CCC00E2D317 /* FiniteFieldIntegerTests.swift in Sources */,
			);
			runOnlyForDeploymentPostprocessing = 0;
		};
		A22FADFA1996539500B50398 /* Sources */ = {
			isa = PBXSourcesBuildPhase;
			buildActionMask = 2147483647;
			files = (
				A22FAE35199653E900B50398 /* UInt256+IntegerLiteralConvertible.swift in Sources */,
				A22FAE2E199653E900B50398 /* UInt256+Printable.swift in Sources */,
				A22FAE19199653B400B50398 /* ECPoint.swift in Sources */,
				A22FAE34199653E900B50398 /* UInt256+Sequence.swift in Sources */,
				A22FAE18199653B400B50398 /* ECDomain.swift in Sources */,
				A22FAE1C199653B400B50398 /* FiniteFieldInteger.swift in Sources */,
				A22FAE39199653E900B50398 /* UInt256+ArrayBound.swift in Sources */,
				A22FAE36199653E900B50398 /* UInt256+Hashable.swift in Sources */,
				A22FAE2D199653E900B50398 /* UInt256.swift in Sources */,
				A22FAE3B199653E900B50398 /* BaseConverter.swift in Sources */,
				A22FAE31199653E900B50398 /* UInt256+BitwiseOperations.swift in Sources */,
				A22FAE3A199653E900B50398 /* UInt32+Additions.swift in Sources */,
				A22FAE32199653E900B50398 /* UInt256+IntegerArithmetic.c in Sources */,
				A22FAE1A199653B400B50398 /* ECurve.swift in Sources */,
				A22FAE2F199653E900B50398 /* UInt256+Equatable.swift in Sources */,
				A22FAE1B199653B400B50398 /* FiniteField.swift in Sources */,
				A22FAE38199653E900B50398 /* UInt256+ForwardIndex.swift in Sources */,
				A22FAE37199653E900B50398 /* UInt256+RandomAccessIndex.swift in Sources */,
				A22FAE33199653E900B50398 /* UInt256+IntegerArithmetic.swift in Sources */,
				A22FAE30199653E900B50398 /* UInt256+Comparable.swift in Sources */,
			);
			runOnlyForDeploymentPostprocessing = 0;
		};
		A26F77D0196850EF00C75822 /* Sources */ = {
			isa = PBXSourcesBuildPhase;
			buildActionMask = 2147483647;
			files = (
				A26F77F41968513800C75822 /* ECPoint.swift in Sources */,
				A26F77F61968513800C75822 /* FiniteField.swift in Sources */,
				A26F77F31968513800C75822 /* ECDomain.swift in Sources */,
				A26F77F71968513800C75822 /* FiniteFieldInteger.swift in Sources */,
				A26F77F51968513800C75822 /* ECurve.swift in Sources */,
			);
			runOnlyForDeploymentPostprocessing = 0;
		};
		A26F77DB196850EF00C75822 /* Sources */ = {
			isa = PBXSourcesBuildPhase;
			buildActionMask = 2147483647;
			files = (
				A2960AB2197E963A002EC55D /* ECPointTests.swift in Sources */,
				A2960AB3197E963A002EC55D /* ECurveTests.swift in Sources */,
				A2960AB4197E963A002EC55D /* FiniteFieldIntegerTests.swift in Sources */,
			);
			runOnlyForDeploymentPostprocessing = 0;
		};
/* End PBXSourcesBuildPhase section */

/* Begin PBXTargetDependency section */
		A22690851962E6E800291D7A /* PBXTargetDependency */ = {
			isa = PBXTargetDependency;
			target = A22690761962E6E800291D7A /* ECurve */;
			targetProxy = A22690841962E6E800291D7A /* PBXContainerItemProxy */;
		};
		A26F77E2196850EF00C75822 /* PBXTargetDependency */ = {
			isa = PBXTargetDependency;
			target = A26F77D4196850EF00C75822 /* ECurveMac */;
			targetProxy = A26F77E1196850EF00C75822 /* PBXContainerItemProxy */;
		};
/* End PBXTargetDependency section */

/* Begin XCBuildConfiguration section */
		A226908B1962E6E800291D7A /* Debug */ = {
			isa = XCBuildConfiguration;
			buildSettings = {
				ALWAYS_SEARCH_USER_PATHS = NO;
				CLANG_CXX_LANGUAGE_STANDARD = "gnu++0x";
				CLANG_CXX_LIBRARY = "libc++";
				CLANG_ENABLE_MODULES = YES;
				CLANG_ENABLE_OBJC_ARC = YES;
				CLANG_WARN_BOOL_CONVERSION = YES;
				CLANG_WARN_CONSTANT_CONVERSION = YES;
				CLANG_WARN_DIRECT_OBJC_ISA_USAGE = YES_ERROR;
				CLANG_WARN_EMPTY_BODY = YES;
				CLANG_WARN_ENUM_CONVERSION = YES;
				CLANG_WARN_INT_CONVERSION = YES;
				CLANG_WARN_OBJC_ROOT_CLASS = YES_ERROR;
				CLANG_WARN_UNREACHABLE_CODE = YES;
				CLANG_WARN__DUPLICATE_METHOD_MATCH = YES;
				"CODE_SIGN_IDENTITY[sdk=iphoneos*]" = "";
				COPY_PHASE_STRIP = NO;
				CURRENT_PROJECT_VERSION = 1;
				ENABLE_STRICT_OBJC_MSGSEND = YES;
				ENABLE_TESTABILITY = YES;
				GCC_C_LANGUAGE_STANDARD = gnu99;
				GCC_DYNAMIC_NO_PIC = NO;
				GCC_OPTIMIZATION_LEVEL = 0;
				GCC_PREPROCESSOR_DEFINITIONS = (
					"DEBUG=1",
					"$(inherited)",
				);
				GCC_SYMBOLS_PRIVATE_EXTERN = NO;
				GCC_WARN_64_TO_32_BIT_CONVERSION = YES;
				GCC_WARN_ABOUT_RETURN_TYPE = YES_ERROR;
				GCC_WARN_UNDECLARED_SELECTOR = YES;
				GCC_WARN_UNINITIALIZED_AUTOS = YES_AGGRESSIVE;
				GCC_WARN_UNUSED_FUNCTION = YES;
				GCC_WARN_UNUSED_VARIABLE = YES;
				IPHONEOS_DEPLOYMENT_TARGET = 8.0;
				METAL_ENABLE_DEBUG_INFO = YES;
				ONLY_ACTIVE_ARCH = YES;
				SDKROOT = iphoneos;
				SWIFT_OPTIMIZATION_LEVEL = "-Onone";
				TARGETED_DEVICE_FAMILY = "1,2";
				VERSIONING_SYSTEM = "apple-generic";
				VERSION_INFO_PREFIX = "";
			};
			name = Debug;
		};
		A226908C1962E6E800291D7A /* Release */ = {
			isa = XCBuildConfiguration;
			buildSettings = {
				ALWAYS_SEARCH_USER_PATHS = NO;
				CLANG_CXX_LANGUAGE_STANDARD = "gnu++0x";
				CLANG_CXX_LIBRARY = "libc++";
				CLANG_ENABLE_MODULES = YES;
				CLANG_ENABLE_OBJC_ARC = YES;
				CLANG_WARN_BOOL_CONVERSION = YES;
				CLANG_WARN_CONSTANT_CONVERSION = YES;
				CLANG_WARN_DIRECT_OBJC_ISA_USAGE = YES_ERROR;
				CLANG_WARN_EMPTY_BODY = YES;
				CLANG_WARN_ENUM_CONVERSION = YES;
				CLANG_WARN_INT_CONVERSION = YES;
				CLANG_WARN_OBJC_ROOT_CLASS = YES_ERROR;
				CLANG_WARN_UNREACHABLE_CODE = YES;
				CLANG_WARN__DUPLICATE_METHOD_MATCH = YES;
				"CODE_SIGN_IDENTITY[sdk=iphoneos*]" = "";
				COPY_PHASE_STRIP = YES;
				CURRENT_PROJECT_VERSION = 1;
				ENABLE_NS_ASSERTIONS = NO;
				ENABLE_STRICT_OBJC_MSGSEND = YES;
				GCC_C_LANGUAGE_STANDARD = gnu99;
				GCC_WARN_64_TO_32_BIT_CONVERSION = YES;
				GCC_WARN_ABOUT_RETURN_TYPE = YES_ERROR;
				GCC_WARN_UNDECLARED_SELECTOR = YES;
				GCC_WARN_UNINITIALIZED_AUTOS = YES_AGGRESSIVE;
				GCC_WARN_UNUSED_FUNCTION = YES;
				GCC_WARN_UNUSED_VARIABLE = YES;
				IPHONEOS_DEPLOYMENT_TARGET = 8.0;
				METAL_ENABLE_DEBUG_INFO = NO;
				SDKROOT = iphoneos;
				TARGETED_DEVICE_FAMILY = "1,2";
				VALIDATE_PRODUCT = YES;
				VERSIONING_SYSTEM = "apple-generic";
				VERSION_INFO_PREFIX = "";
			};
			name = Release;
		};
		A226908E1962E6E800291D7A /* Debug */ = {
			isa = XCBuildConfiguration;
			buildSettings = {
				CLANG_ENABLE_MODULES = YES;
				"CODE_SIGN_IDENTITY[sdk=iphoneos*]" = "iPhone Developer: Sjors Provoost (TB5C4TJ39S)";
				DEFINES_MODULE = YES;
				DYLIB_COMPATIBILITY_VERSION = 1;
				DYLIB_CURRENT_VERSION = 1;
				DYLIB_INSTALL_NAME_BASE = "@rpath";
				INFOPLIST_FILE = ECurve/Info.plist;
				INSTALL_PATH = "$(LOCAL_LIBRARY_DIR)/Frameworks";
				LD_RUNPATH_SEARCH_PATHS = "$(inherited) @executable_path/Frameworks @loader_path/Frameworks";
				PRODUCT_BUNDLE_IDENTIFIER = "com.cryptocoinswift.${PRODUCT_NAME:rfc1034identifier}";
				PRODUCT_NAME = "$(TARGET_NAME)";
				SKIP_INSTALL = YES;
				SWIFT_OPTIMIZATION_LEVEL = "-Onone";
			};
			name = Debug;
		};
		A226908F1962E6E800291D7A /* Release */ = {
			isa = XCBuildConfiguration;
			buildSettings = {
				CLANG_ENABLE_MODULES = YES;
				"CODE_SIGN_IDENTITY[sdk=iphoneos*]" = "";
				DEFINES_MODULE = YES;
				DYLIB_COMPATIBILITY_VERSION = 1;
				DYLIB_CURRENT_VERSION = 1;
				DYLIB_INSTALL_NAME_BASE = "@rpath";
				GCC_OPTIMIZATION_LEVEL = fast;
				INFOPLIST_FILE = ECurve/Info.plist;
				INSTALL_PATH = "$(LOCAL_LIBRARY_DIR)/Frameworks";
				LD_RUNPATH_SEARCH_PATHS = "$(inherited) @executable_path/Frameworks @loader_path/Frameworks";
				PRODUCT_BUNDLE_IDENTIFIER = "com.cryptocoinswift.${PRODUCT_NAME:rfc1034identifier}";
				PRODUCT_NAME = "$(TARGET_NAME)";
				SKIP_INSTALL = YES;
				SWIFT_OPTIMIZATION_LEVEL = "-O";
			};
			name = Release;
		};
		A22690911962E6E800291D7A /* Debug */ = {
			isa = XCBuildConfiguration;
			buildSettings = {
				CLANG_ENABLE_MODULES = YES;
				FRAMEWORK_SEARCH_PATHS = (
					"$(SDKROOT)/Developer/Library/Frameworks",
					"$(inherited)",
				);
				GCC_PREPROCESSOR_DEFINITIONS = (
					"DEBUG=1",
					"$(inherited)",
				);
				INFOPLIST_FILE = Tests/Info.plist;
				LD_RUNPATH_SEARCH_PATHS = "$(inherited) @executable_path/Frameworks @loader_path/Frameworks";
				METAL_ENABLE_DEBUG_INFO = YES;
				PRODUCT_BUNDLE_IDENTIFIER = "com.cryptocoinswift.${PRODUCT_NAME:rfc1034identifier}";
				PRODUCT_NAME = "$(TARGET_NAME)";
				SWIFT_OPTIMIZATION_LEVEL = "-Onone";
			};
			name = Debug;
		};
		A22690921962E6E800291D7A /* Release */ = {
			isa = XCBuildConfiguration;
			buildSettings = {
				CLANG_ENABLE_MODULES = YES;
				FRAMEWORK_SEARCH_PATHS = (
					"$(SDKROOT)/Developer/Library/Frameworks",
					"$(inherited)",
				);
				INFOPLIST_FILE = Tests/Info.plist;
				LD_RUNPATH_SEARCH_PATHS = "$(inherited) @executable_path/Frameworks @loader_path/Frameworks";
				METAL_ENABLE_DEBUG_INFO = NO;
				PRODUCT_BUNDLE_IDENTIFIER = "com.cryptocoinswift.${PRODUCT_NAME:rfc1034identifier}";
				PRODUCT_NAME = "$(TARGET_NAME)";
			};
			name = Release;
		};
		A22FAE0F1996539500B50398 /* Debug */ = {
			isa = XCBuildConfiguration;
			buildSettings = {
				COMBINE_HIDPI_IMAGES = YES;
				DEFINES_MODULE = YES;
				DYLIB_COMPATIBILITY_VERSION = 1;
				DYLIB_CURRENT_VERSION = 1;
				DYLIB_INSTALL_NAME_BASE = "@rpath";
				FRAMEWORK_VERSION = A;
				GCC_PREPROCESSOR_DEFINITIONS = (
					"DEBUG=1",
					"$(inherited)",
				);
				INFOPLIST_FILE = ECurveFlat/Info.plist;
				INSTALL_PATH = "$(LOCAL_LIBRARY_DIR)/Frameworks";
				LD_RUNPATH_SEARCH_PATHS = "$(inherited) @executable_path/../Frameworks @loader_path/Frameworks";
				MACOSX_DEPLOYMENT_TARGET = 10.9;
				MTL_ENABLE_DEBUG_INFO = YES;
				PRODUCT_BUNDLE_IDENTIFIER = "com.cryptocoinswift.$(PRODUCT_NAME:rfc1034identifier)";
				PRODUCT_NAME = "$(TARGET_NAME)";
				SDKROOT = macosx;
				SKIP_INSTALL = YES;
			};
			name = Debug;
		};
		A22FAE101996539500B50398 /* Release */ = {
			isa = XCBuildConfiguration;
			buildSettings = {
				COMBINE_HIDPI_IMAGES = YES;
				DEBUG_INFORMATION_FORMAT = "dwarf-with-dsym";
				DEFINES_MODULE = YES;
				DYLIB_COMPATIBILITY_VERSION = 1;
				DYLIB_CURRENT_VERSION = 1;
				DYLIB_INSTALL_NAME_BASE = "@rpath";
				FRAMEWORK_VERSION = A;
				INFOPLIST_FILE = ECurveFlat/Info.plist;
				INSTALL_PATH = "$(LOCAL_LIBRARY_DIR)/Frameworks";
				LD_RUNPATH_SEARCH_PATHS = "$(inherited) @executable_path/../Frameworks @loader_path/Frameworks";
				MACOSX_DEPLOYMENT_TARGET = 10.9;
				MTL_ENABLE_DEBUG_INFO = NO;
				PRODUCT_BUNDLE_IDENTIFIER = "com.cryptocoinswift.$(PRODUCT_NAME:rfc1034identifier)";
				PRODUCT_NAME = "$(TARGET_NAME)";
				SDKROOT = macosx;
				SKIP_INSTALL = YES;
			};
			name = Release;
		};
		A22FAE111996539500B50398 /* Fast */ = {
			isa = XCBuildConfiguration;
			buildSettings = {
				COMBINE_HIDPI_IMAGES = YES;
				DEBUG_INFORMATION_FORMAT = "dwarf-with-dsym";
				DEFINES_MODULE = YES;
				DYLIB_COMPATIBILITY_VERSION = 1;
				DYLIB_CURRENT_VERSION = 1;
				DYLIB_INSTALL_NAME_BASE = "@rpath";
				FRAMEWORK_VERSION = A;
				INFOPLIST_FILE = ECurveFlat/Info.plist;
				INSTALL_PATH = "$(LOCAL_LIBRARY_DIR)/Frameworks";
				LD_RUNPATH_SEARCH_PATHS = "$(inherited) @executable_path/../Frameworks @loader_path/Frameworks";
				MACOSX_DEPLOYMENT_TARGET = 10.9;
				MTL_ENABLE_DEBUG_INFO = NO;
				PRODUCT_BUNDLE_IDENTIFIER = "com.cryptocoinswift.$(PRODUCT_NAME:rfc1034identifier)";
				PRODUCT_NAME = "$(TARGET_NAME)";
				SDKROOT = macosx;
				SKIP_INSTALL = YES;
			};
			name = Fast;
		};
		A26F778E1968479D00C75822 /* Fast */ = {
			isa = XCBuildConfiguration;
			buildSettings = {
				ALWAYS_SEARCH_USER_PATHS = NO;
				CLANG_CXX_LANGUAGE_STANDARD = "gnu++0x";
				CLANG_CXX_LIBRARY = "libc++";
				CLANG_ENABLE_MODULES = YES;
				CLANG_ENABLE_OBJC_ARC = YES;
				CLANG_WARN_BOOL_CONVERSION = YES;
				CLANG_WARN_CONSTANT_CONVERSION = YES;
				CLANG_WARN_DIRECT_OBJC_ISA_USAGE = YES_ERROR;
				CLANG_WARN_EMPTY_BODY = YES;
				CLANG_WARN_ENUM_CONVERSION = YES;
				CLANG_WARN_INT_CONVERSION = YES;
				CLANG_WARN_OBJC_ROOT_CLASS = YES_ERROR;
				CLANG_WARN_UNREACHABLE_CODE = YES;
				CLANG_WARN__DUPLICATE_METHOD_MATCH = YES;
				"CODE_SIGN_IDENTITY[sdk=iphoneos*]" = "";
				COPY_PHASE_STRIP = YES;
				CURRENT_PROJECT_VERSION = 1;
				ENABLE_NS_ASSERTIONS = NO;
				ENABLE_STRICT_OBJC_MSGSEND = YES;
				GCC_C_LANGUAGE_STANDARD = gnu99;
				GCC_WARN_64_TO_32_BIT_CONVERSION = YES;
				GCC_WARN_ABOUT_RETURN_TYPE = YES_ERROR;
				GCC_WARN_UNDECLARED_SELECTOR = YES;
				GCC_WARN_UNINITIALIZED_AUTOS = YES_AGGRESSIVE;
				GCC_WARN_UNUSED_FUNCTION = YES;
				GCC_WARN_UNUSED_VARIABLE = YES;
				IPHONEOS_DEPLOYMENT_TARGET = 8.0;
				METAL_ENABLE_DEBUG_INFO = NO;
				SDKROOT = iphoneos;
				TARGETED_DEVICE_FAMILY = "1,2";
				VALIDATE_PRODUCT = YES;
				VERSIONING_SYSTEM = "apple-generic";
				VERSION_INFO_PREFIX = "";
			};
			name = Fast;
		};
		A26F778F1968479D00C75822 /* Fast */ = {
			isa = XCBuildConfiguration;
			buildSettings = {
				CLANG_ENABLE_MODULES = YES;
				"CODE_SIGN_IDENTITY[sdk=iphoneos*]" = "iPhone Developer: Sjors Provoost (TB5C4TJ39S)";
				DEFINES_MODULE = YES;
				DYLIB_COMPATIBILITY_VERSION = 1;
				DYLIB_CURRENT_VERSION = 1;
				DYLIB_INSTALL_NAME_BASE = "@rpath";
				INFOPLIST_FILE = ECurve/Info.plist;
				INSTALL_PATH = "$(LOCAL_LIBRARY_DIR)/Frameworks";
				LD_RUNPATH_SEARCH_PATHS = "$(inherited) @executable_path/Frameworks @loader_path/Frameworks";
				PRODUCT_BUNDLE_IDENTIFIER = "com.cryptocoinswift.${PRODUCT_NAME:rfc1034identifier}";
				PRODUCT_NAME = "$(TARGET_NAME)";
				SKIP_INSTALL = YES;
				SWIFT_DISABLE_SAFETY_CHECKS = YES;
				SWIFT_OPTIMIZATION_LEVEL = "-O";
			};
			name = Fast;
		};
		A26F77901968479D00C75822 /* Fast */ = {
			isa = XCBuildConfiguration;
			buildSettings = {
				CLANG_ENABLE_MODULES = YES;
				FRAMEWORK_SEARCH_PATHS = (
					"$(SDKROOT)/Developer/Library/Frameworks",
					"$(inherited)",
				);
				INFOPLIST_FILE = Tests/Info.plist;
				LD_RUNPATH_SEARCH_PATHS = "$(inherited) @executable_path/Frameworks @loader_path/Frameworks";
				METAL_ENABLE_DEBUG_INFO = NO;
				PRODUCT_BUNDLE_IDENTIFIER = "com.cryptocoinswift.${PRODUCT_NAME:rfc1034identifier}";
				PRODUCT_NAME = "$(TARGET_NAME)";
			};
			name = Fast;
		};
		A26F77E8196850EF00C75822 /* Debug */ = {
			isa = XCBuildConfiguration;
			buildSettings = {
				COMBINE_HIDPI_IMAGES = YES;
				DEFINES_MODULE = YES;
				DYLIB_COMPATIBILITY_VERSION = 1;
				DYLIB_CURRENT_VERSION = 1;
				DYLIB_INSTALL_NAME_BASE = "@rpath";
				FRAMEWORK_VERSION = A;
				GCC_PREPROCESSOR_DEFINITIONS = (
					"DEBUG=1",
					"$(inherited)",
				);
				INFOPLIST_FILE = ECurveMac/Info.plist;
				INSTALL_PATH = "$(LOCAL_LIBRARY_DIR)/Frameworks";
				LD_RUNPATH_SEARCH_PATHS = "$(inherited) @executable_path/../Frameworks @loader_path/../Frameworks";
				MACOSX_DEPLOYMENT_TARGET = 10.9;
				METAL_ENABLE_DEBUG_INFO = YES;
				PRODUCT_BUNDLE_IDENTIFIER = "com.cryptocoinswift.${PRODUCT_NAME:rfc1034identifier}";
				PRODUCT_NAME = ECurve;
				SDKROOT = macosx;
				SKIP_INSTALL = YES;
				SWIFT_DISABLE_SAFETY_CHECKS = YES;
				SWIFT_OPTIMIZATION_LEVEL = "-O";
			};
			name = Debug;
		};
		A26F77E9196850EF00C75822 /* Release */ = {
			isa = XCBuildConfiguration;
			buildSettings = {
				COMBINE_HIDPI_IMAGES = YES;
				DEBUG_INFORMATION_FORMAT = "dwarf-with-dsym";
				DEFINES_MODULE = YES;
				DYLIB_COMPATIBILITY_VERSION = 1;
				DYLIB_CURRENT_VERSION = 1;
				DYLIB_INSTALL_NAME_BASE = "@rpath";
				FRAMEWORK_VERSION = A;
				INFOPLIST_FILE = ECurveMac/Info.plist;
				INSTALL_PATH = "$(LOCAL_LIBRARY_DIR)/Frameworks";
				LD_RUNPATH_SEARCH_PATHS = "$(inherited) @executable_path/../Frameworks @loader_path/../Frameworks";
				MACOSX_DEPLOYMENT_TARGET = 10.9;
				METAL_ENABLE_DEBUG_INFO = NO;
				PRODUCT_BUNDLE_IDENTIFIER = "com.cryptocoinswift.${PRODUCT_NAME:rfc1034identifier}";
				PRODUCT_NAME = ECurve;
				SDKROOT = macosx;
				SKIP_INSTALL = YES;
			};
			name = Release;
		};
		A26F77EA196850EF00C75822 /* Fast */ = {
			isa = XCBuildConfiguration;
			buildSettings = {
				COMBINE_HIDPI_IMAGES = YES;
				DEBUG_INFORMATION_FORMAT = "dwarf-with-dsym";
				DEFINES_MODULE = YES;
				DYLIB_COMPATIBILITY_VERSION = 1;
				DYLIB_CURRENT_VERSION = 1;
				DYLIB_INSTALL_NAME_BASE = "@rpath";
				FRAMEWORK_VERSION = A;
				GCC_OPTIMIZATION_LEVEL = fast;
				INFOPLIST_FILE = ECurveMac/Info.plist;
				INSTALL_PATH = "$(LOCAL_LIBRARY_DIR)/Frameworks";
				LD_RUNPATH_SEARCH_PATHS = "$(inherited) @executable_path/../Frameworks @loader_path/../Frameworks";
				MACOSX_DEPLOYMENT_TARGET = 10.9;
				METAL_ENABLE_DEBUG_INFO = NO;
				PRODUCT_BUNDLE_IDENTIFIER = "com.cryptocoinswift.${PRODUCT_NAME:rfc1034identifier}";
				PRODUCT_NAME = ECurve;
				SDKROOT = macosx;
				SKIP_INSTALL = YES;
				SWIFT_DISABLE_SAFETY_CHECKS = YES;
				SWIFT_OPTIMIZATION_LEVEL = "-O";
			};
			name = Fast;
		};
		A26F77EB196850EF00C75822 /* Debug */ = {
			isa = XCBuildConfiguration;
			buildSettings = {
				COMBINE_HIDPI_IMAGES = YES;
				FRAMEWORK_SEARCH_PATHS = (
					"$(DEVELOPER_FRAMEWORKS_DIR)",
					"$(inherited)",
				);
				GCC_PREPROCESSOR_DEFINITIONS = (
					"DEBUG=1",
					"$(inherited)",
				);
				INFOPLIST_FILE = ECurveMacTests/Info.plist;
				LD_RUNPATH_SEARCH_PATHS = "$(inherited) @executable_path/../Frameworks @loader_path/../Frameworks";
				MACOSX_DEPLOYMENT_TARGET = 10.9;
				METAL_ENABLE_DEBUG_INFO = YES;
				PRODUCT_BUNDLE_IDENTIFIER = "com.cryptocoinswift.${PRODUCT_NAME:rfc1034identifier}";
				PRODUCT_NAME = "$(TARGET_NAME)";
				SDKROOT = macosx;
			};
			name = Debug;
		};
		A26F77EC196850EF00C75822 /* Release */ = {
			isa = XCBuildConfiguration;
			buildSettings = {
				COMBINE_HIDPI_IMAGES = YES;
				DEBUG_INFORMATION_FORMAT = "dwarf-with-dsym";
				FRAMEWORK_SEARCH_PATHS = (
					"$(DEVELOPER_FRAMEWORKS_DIR)",
					"$(inherited)",
				);
				INFOPLIST_FILE = ECurveMacTests/Info.plist;
				LD_RUNPATH_SEARCH_PATHS = "$(inherited) @executable_path/../Frameworks @loader_path/../Frameworks";
				MACOSX_DEPLOYMENT_TARGET = 10.9;
				METAL_ENABLE_DEBUG_INFO = NO;
				PRODUCT_BUNDLE_IDENTIFIER = "com.cryptocoinswift.${PRODUCT_NAME:rfc1034identifier}";
				PRODUCT_NAME = "$(TARGET_NAME)";
				SDKROOT = macosx;
			};
			name = Release;
		};
		A26F77ED196850EF00C75822 /* Fast */ = {
			isa = XCBuildConfiguration;
			buildSettings = {
				COMBINE_HIDPI_IMAGES = YES;
				DEBUG_INFORMATION_FORMAT = "dwarf-with-dsym";
				FRAMEWORK_SEARCH_PATHS = (
					"$(DEVELOPER_FRAMEWORKS_DIR)",
					"$(inherited)",
				);
				INFOPLIST_FILE = ECurveMacTests/Info.plist;
				LD_RUNPATH_SEARCH_PATHS = "$(inherited) @executable_path/../Frameworks @loader_path/../Frameworks";
				MACOSX_DEPLOYMENT_TARGET = 10.9;
				METAL_ENABLE_DEBUG_INFO = NO;
				PRODUCT_BUNDLE_IDENTIFIER = "com.cryptocoinswift.${PRODUCT_NAME:rfc1034identifier}";
				PRODUCT_NAME = "$(TARGET_NAME)";
				SDKROOT = macosx;
			};
			name = Fast;
		};
/* End XCBuildConfiguration section */

/* Begin XCConfigurationList section */
		A22690711962E6E800291D7A /* Build configuration list for PBXProject "ECurve" */ = {
			isa = XCConfigurationList;
			buildConfigurations = (
				A226908B1962E6E800291D7A /* Debug */,
				A226908C1962E6E800291D7A /* Release */,
				A26F778E1968479D00C75822 /* Fast */,
			);
			defaultConfigurationIsVisible = 0;
			defaultConfigurationName = Release;
		};
		A226908D1962E6E800291D7A /* Build configuration list for PBXNativeTarget "ECurve" */ = {
			isa = XCConfigurationList;
			buildConfigurations = (
				A226908E1962E6E800291D7A /* Debug */,
				A226908F1962E6E800291D7A /* Release */,
				A26F778F1968479D00C75822 /* Fast */,
			);
			defaultConfigurationIsVisible = 0;
			defaultConfigurationName = Release;
		};
		A22690901962E6E800291D7A /* Build configuration list for PBXNativeTarget "ECurveTests" */ = {
			isa = XCConfigurationList;
			buildConfigurations = (
				A22690911962E6E800291D7A /* Debug */,
				A22690921962E6E800291D7A /* Release */,
				A26F77901968479D00C75822 /* Fast */,
			);
			defaultConfigurationIsVisible = 0;
			defaultConfigurationName = Release;
		};
		A22FAE151996539500B50398 /* Build configuration list for PBXNativeTarget "ECurveFlat" */ = {
			isa = XCConfigurationList;
			buildConfigurations = (
				A22FAE0F1996539500B50398 /* Debug */,
				A22FAE101996539500B50398 /* Release */,
				A22FAE111996539500B50398 /* Fast */,
			);
			defaultConfigurationIsVisible = 0;
			defaultConfigurationName = Release;
		};
		A26F77EE196850EF00C75822 /* Build configuration list for PBXNativeTarget "ECurveMac" */ = {
			isa = XCConfigurationList;
			buildConfigurations = (
				A26F77E8196850EF00C75822 /* Debug */,
				A26F77E9196850EF00C75822 /* Release */,
				A26F77EA196850EF00C75822 /* Fast */,
			);
			defaultConfigurationIsVisible = 0;
			defaultConfigurationName = Release;
		};
		A26F77EF196850EF00C75822 /* Build configuration list for PBXNativeTarget "ECurveMacTests" */ = {
			isa = XCConfigurationList;
			buildConfigurations = (
				A26F77EB196850EF00C75822 /* Debug */,
				A26F77EC196850EF00C75822 /* Release */,
				A26F77ED196850EF00C75822 /* Fast */,
			);
			defaultConfigurationIsVisible = 0;
			defaultConfigurationName = Release;
		};
/* End XCConfigurationList section */
	};
	rootObject = A226906E1962E6E800291D7A /* Project object */;
}
